
Microsoft Visual Studio Solution File, Format Version 12.00
# Visual Studio Version 17
VisualStudioVersion = 17.12.35000.0
MinimumVisualStudioVersion = 10.0.40219.1
Project("{FAE04EC0-301F-11D3-BF4B-00C04F79EFBC}") = "MusicOrganizer", "MusicOrganizer.csproj", "{9A9E6A6B-9E60-4C9A-9C1B-3F9B7B2E7B10}"
EndProject
Global
	GlobalSection(SolutionConfigurationPlatforms) = preSolution
		Debug|x64 = Debug|x64
		Release|x64 = Release|x64
	EndGlobalSection
	GlobalSection(ProjectConfigurationPlatforms) = postSolution
		{9A9E6A6B-9E60-4C9A-9C1B-3F9B7B2E7B10}.Debug|x64.ActiveCfg = Debug|x64
		{9A9E6A6B-9E60-4C9A-9C1B-3F9B7B2E7B10}.Debug|x64.Build.0 = Debug|x64
		{9A9E6A6B-9E60-4C9A-9C1B-3F9B7B2E7B10}.Release|x64.ActiveCfg = Release|x64
		{9A9E6A6B-9E60-4C9A-9C1B-3F9B7B2E7B10}.Release|x64.Build.0 = Release|x64
	EndGlobalSection
	GlobalSection(SolutionProperties) = preSolution
		HideSolutionNode = FALSE
	EndGlobalSection
EndGlobal
